
Microsoft Visual Studio Solution File, Format Version 12.00
# Visual Studio 15
VisualStudioVersion = 15.0.26730.16
MinimumVisualStudioVersion = 10.0.40219.1
Project("{FAE04EC0-301F-11D3-BF4B-00C04F79EFBC}") = "ContactsApp", "ContactsApp\ContactsApp.csproj", "{A3D1031A-1131-4524-BF99-8F9A7D381423}"
EndProject
Global
	GlobalSection(SolutionConfigurationPlatforms) = preSolution
		Debug|Any CPU = Debug|Any CPU
		Release|Any CPU = Release|Any CPU
	EndGlobalSection
	GlobalSection(ProjectConfigurationPlatforms) = postSolution
		{A3D1031A-1131-4524-BF99-8F9A7D381423}.Debug|Any CPU.ActiveCfg = Debug|Any CPU
		{A3D1031A-1131-4524-BF99-8F9A7D381423}.Debug|Any CPU.Build.0 = Debug|Any CPU
		{A3D1031A-1131-4524-BF99-8F9A7D381423}.Release|Any CPU.ActiveCfg = Release|Any CPU
		{A3D1031A-1131-4524-BF99-8F9A7D381423}.Release|Any CPU.Build.0 = Release|Any CPU
	EndGlobalSection
	GlobalSection(SolutionProperties) = preSolution
		HideSolutionNode = FALSE
	EndGlobalSection
	GlobalSection(ExtensibilityGlobals) = postSolution
		SolutionGuid = {B8597E4F-FD13-4CD0-952C-07CA9173D3D5}
	EndGlobalSection
EndGlobal
